// !$*UTF8*$!
{
	archiveVersion = 1;
	classes = {
	};
	objectVersion = 54;
	objects = {

/* Begin PBXBuildFile section */
		8E0564D8222E9E5500E1982E /* AppDelegate.swift in Sources */ = {isa = PBXBuildFile; fileRef = 8E0564D7222E9E5500E1982E /* AppDelegate.swift */; };
		8E0564DA222E9E5500E1982E /* ViewController.swift in Sources */ = {isa = PBXBuildFile; fileRef = 8E0564D9222E9E5500E1982E /* ViewController.swift */; };
		8E0564DD222E9E5500E1982E /* Main.storyboard in Resources */ = {isa = PBXBuildFile; fileRef = 8E0564DB222E9E5500E1982E /* Main.storyboard */; };
		8E0564DF222E9E5800E1982E /* Assets.xcassets in Resources */ = {isa = PBXBuildFile; fileRef = 8E0564DE222E9E5800E1982E /* Assets.xcassets */; };
		8E0564E2222E9E5800E1982E /* LaunchScreen.storyboard in Resources */ = {isa = PBXBuildFile; fileRef = 8E0564E0222E9E5800E1982E /* LaunchScreen.storyboard */; };
		8E621F482D01F1AE007A78E9 /* LiveChat.xcframework in Frameworks */ = {isa = PBXBuildFile; fileRef = 8E621F472D01F1AE007A78E9 /* LiveChat.xcframework */; };
		8E621F492D01F1AE007A78E9 /* LiveChat.xcframework in Embed Frameworks */ = {isa = PBXBuildFile; fileRef = 8E621F472D01F1AE007A78E9 /* LiveChat.xcframework */; settings = {ATTRIBUTES = (CodeSignOnCopy, RemoveHeadersOnCopy, ); }; };
/* End PBXBuildFile section */

/* Begin PBXCopyFilesBuildPhase section */
		8E621F4A2D01F1AE007A78E9 /* Embed Frameworks */ = {
			isa = PBXCopyFilesBuildPhase;
			buildActionMask = 2147483647;
			dstPath = "";
			dstSubfolderSpec = 10;
			files = (
				8E621F492D01F1AE007A78E9 /* LiveChat.xcframework in Embed Frameworks */,
			);
			name = "Embed Frameworks";
			runOnlyForDeploymentPostprocessing = 0;
		};
/* End PBXCopyFilesBuildPhase section */

/* Begin PBXFileReference section */
		8E0564D4222E9E5500E1982E /* LCWidget-Carthage.app */ = {isa = PBXFileReference; explicitFileType = wrapper.application; includeInIndex = 0; path = "LCWidget-Carthage.app"; sourceTree = BUILT_PRODUCTS_DIR; };
		8E0564D7222E9E5500E1982E /* AppDelegate.swift */ = {isa = PBXFileReference; lastKnownFileType = sourcecode.swift; path = AppDelegate.swift; sourceTree = "<group>"; };
		8E0564D9222E9E5500E1982E /* ViewController.swift */ = {isa = PBXFileReference; lastKnownFileType = sourcecode.swift; path = ViewController.swift; sourceTree = "<group>"; };
		8E0564DC222E9E5500E1982E /* Base */ = {isa = PBXFileReference; lastKnownFileType = file.storyboard; name = Base; path = Base.lproj/Main.storyboard; sourceTree = "<group>"; };
		8E0564DE222E9E5800E1982E /* Assets.xcassets */ = {isa = PBXFileReference; lastKnownFileType = folder.assetcatalog; path = Assets.xcassets; sourceTree = "<group>"; };
		8E0564E1222E9E5800E1982E /* Base */ = {isa = PBXFileReference; lastKnownFileType = file.storyboard; name = Base; path = Base.lproj/LaunchScreen.storyboard; sourceTree = "<group>"; };
		8E0564E3222E9E5800E1982E /* Info.plist */ = {isa = PBXFileReference; lastKnownFileType = text.plist.xml; path = Info.plist; sourceTree = "<group>"; };
		8E621F472D01F1AE007A78E9 /* LiveChat.xcframework */ = {isa = PBXFileReference; lastKnownFileType = wrapper.xcframework; name = LiveChat.xcframework; path = Carthage/Build/LiveChat.xcframework; sourceTree = "<group>"; };
/* End PBXFileReference section */

/* Begin PBXFrameworksBuildPhase section */
		8E0564D1222E9E5500E1982E /* Frameworks */ = {
			isa = PBXFrameworksBuildPhase;
			buildActionMask = 2147483647;
			files = (
				8E621F482D01F1AE007A78E9 /* LiveChat.xcframework in Frameworks */,
			);
			runOnlyForDeploymentPostprocessing = 0;
		};
/* End PBXFrameworksBuildPhase section */

/* Begin PBXGroup section */
		8E0564CB222E9E5500E1982E = {
			isa = PBXGroup;
			children = (
				8E0564D6222E9E5500E1982E /* LCWidget-Carthage */,
				8E621F462D01F1AE007A78E9 /* Frameworks */,
				8E0564D5222E9E5500E1982E /* Products */,
			);
			sourceTree = "<group>";
		};
		8E0564D5222E9E5500E1982E /* Products */ = {
			isa = PBXGroup;
			children = (
				8E0564D4222E9E5500E1982E /* LCWidget-Carthage.app */,
			);
			name = Products;
			sourceTree = "<group>";
		};
		8E0564D6222E9E5500E1982E /* LCWidget-Carthage */ = {
			isa = PBXGroup;
			children = (
				8E0564D7222E9E5500E1982E /* AppDelegate.swift */,
				8E0564D9222E9E5500E1982E /* ViewController.swift */,
				8E0564DB222E9E5500E1982E /* Main.storyboard */,
				8E0564DE222E9E5800E1982E /* Assets.xcassets */,
				8E0564E0222E9E5800E1982E /* LaunchScreen.storyboard */,
				8E0564E3222E9E5800E1982E /* Info.plist */,
			);
			path = "LCWidget-Carthage";
			sourceTree = "<group>";
		};
		8E621F462D01F1AE007A78E9 /* Frameworks */ = {
			isa = PBXGroup;
			children = (
				8E621F472D01F1AE007A78E9 /* LiveChat.xcframework */,
			);
			name = Frameworks;
			sourceTree = "<group>";
		};
/* End PBXGroup section */

/* Begin PBXNativeTarget section */
		8E0564D3222E9E5500E1982E /* LCWidget-Carthage */ = {
			isa = PBXNativeTarget;
			buildConfigurationList = 8E0564E6222E9E5800E1982E /* Build configuration list for PBXNativeTarget "LCWidget-Carthage" */;
			buildPhases = (
				8E0564D0222E9E5500E1982E /* Sources */,
				8E0564D1222E9E5500E1982E /* Frameworks */,
				8E0564D2222E9E5500E1982E /* Resources */,
				8E621F4A2D01F1AE007A78E9 /* Embed Frameworks */,
			);
			buildRules = (
			);
			dependencies = (
			);
			name = "LCWidget-Carthage";
			productName = "LCWidget-Carthage";
			productReference = 8E0564D4222E9E5500E1982E /* LCWidget-Carthage.app */;
			productType = "com.apple.product-type.application";
		};
/* End PBXNativeTarget section */

/* Begin PBXProject section */
		8E0564CC222E9E5500E1982E /* Project object */ = {
			isa = PBXProject;
			attributes = {
				LastSwiftUpdateCheck = 1010;
				LastUpgradeCheck = 1010;
				ORGANIZATIONNAME = "Kamil Szostakowski";
				TargetAttributes = {
					8E0564D3222E9E5500E1982E = {
						CreatedOnToolsVersion = 10.1;
					};
				};
			};
			buildConfigurationList = 8E0564CF222E9E5500E1982E /* Build configuration list for PBXProject "LCWidget-Carthage" */;
			compatibilityVersion = "Xcode 9.3";
			developmentRegion = en;
			hasScannedForEncodings = 0;
			knownRegions = (
				en,
				Base,
			);
			mainGroup = 8E0564CB222E9E5500E1982E;
			productRefGroup = 8E0564D5222E9E5500E1982E /* Products */;
			projectDirPath = "";
			projectRoot = "";
			targets = (
				8E0564D3222E9E5500E1982E /* LCWidget-Carthage */,
			);
		};
/* End PBXProject section */

/* Begin PBXResourcesBuildPhase section */
		8E0564D2222E9E5500E1982E /* Resources */ = {
			isa = PBXResourcesBuildPhase;
			buildActionMask = 2147483647;
			files = (
				8E0564E2222E9E5800E1982E /* LaunchScreen.storyboard in Resources */,
				8E0564DF222E9E5800E1982E /* Assets.xcassets in Resources */,
				8E0564DD222E9E5500E1982E /* Main.storyboard in Resources */,
			);
			runOnlyForDeploymentPostprocessing = 0;
		};
/* End PBXResourcesBuildPhase section */

/* Begin PBXSourcesBuildPhase section */
		8E0564D0222E9E5500E1982E /* Sources */ = {
			isa = PBXSourcesBuildPhase;
			buildActionMask = 2147483647;
			files = (
				8E0564DA222E9E5500E1982E /* ViewController.swift in Sources */,
				8E0564D8222E9E5500E1982E /* AppDelegate.swift in Sources */,
			);
			runOnlyForDeploymentPostprocessing = 0;
		};
/* End PBXSourcesBuildPhase section */

/* Begin PBXVariantGroup section */
		8E0564DB222E9E5500E1982E /* Main.storyboard */ = {
			isa = PBXVariantGroup;
			children = (
				8E0564DC222E9E5500E1982E /* Base */,
			);
			name = Main.storyboard;
			sourceTree = "<group>";
		};
		8E0564E0222E9E5800E1982E /* LaunchScreen.storyboard */ = {
			isa = PBXVariantGroup;
			children = (
				8E0564E1222E9E5800E1982E /* Base */,
			);
			name = LaunchScreen.storyboard;
			sourceTree = "<group>";
		};
/* End PBXVariantGroup section */

/* Begin XCBuildConfiguration section */
		8E0564E4222E9E5800E1982E /* Debug */ = {
			isa = XCBuildConfiguration;
			buildSettings = {
				ALWAYS_SEARCH_USER_PATHS = NO;
				CLANG_ANALYZER_NONNULL = YES;
				CLANG_ANALYZER_NUMBER_OBJECT_CONVERSION = YES_AGGRESSIVE;
				CLANG_CXX_LANGUAGE_STANDARD = "gnu++14";
				CLANG_CXX_LIBRARY = "libc++";
				CLANG_ENABLE_MODULES = YES;
				CLANG_ENABLE_OBJC_ARC = YES;
				CLANG_ENABLE_OBJC_WEAK = YES;
				CLANG_WARN_BLOCK_CAPTURE_AUTORELEASING = YES;
				CLANG_WARN_BOOL_CONVERSION = YES;
				CLANG_WARN_COMMA = YES;
				CLANG_WARN_CONSTANT_CONVERSION = YES;
				CLANG_WARN_DEPRECATED_OBJC_IMPLEMENTATIONS = YES;
				CLANG_WARN_DIRECT_OBJC_ISA_USAGE = YES_ERROR;
				CLANG_WARN_DOCUMENTATION_COMMENTS = YES;
				CLANG_WARN_EMPTY_BODY = YES;
				CLANG_WARN_ENUM_CONVERSION = YES;
				CLANG_WARN_INFINITE_RECURSION = YES;
				CLANG_WARN_INT_CONVERSION = YES;
				CLANG_WARN_NON_LITERAL_NULL_CONVERSION = YES;
				CLANG_WARN_OBJC_IMPLICIT_RETAIN_SELF = YES;
				CLANG_WARN_OBJC_LITERAL_CONVERSION = YES;
				CLANG_WARN_OBJC_ROOT_CLASS = YES_ERROR;
				CLANG_WARN_RANGE_LOOP_ANALYSIS = YES;
				CLANG_WARN_STRICT_PROTOTYPES = YES;
				CLANG_WARN_SUSPICIOUS_MOVE = YES;
				CLANG_WARN_UNGUARDED_AVAILABILITY = YES_AGGRESSIVE;
				CLANG_WARN_UNREACHABLE_CODE = YES;
				CLANG_WARN__DUPLICATE_METHOD_MATCH = YES;
				CODE_SIGN_IDENTITY = "iPhone Developer";
				COPY_PHASE_STRIP = NO;
				DEBUG_INFORMATION_FORMAT = dwarf;
				ENABLE_STRICT_OBJC_MSGSEND = YES;
				ENABLE_TESTABILITY = YES;
				GCC_C_LANGUAGE_STANDARD = gnu11;
				GCC_DYNAMIC_NO_PIC = NO;
				GCC_NO_COMMON_BLOCKS = YES;
				GCC_OPTIMIZATION_LEVEL = 0;
				GCC_PREPROCESSOR_DEFINITIONS = (
					"DEBUG=1",
					"$(inherited)",
				);
				GCC_WARN_64_TO_32_BIT_CONVERSION = YES;
				GCC_WARN_ABOUT_RETURN_TYPE = YES_ERROR;
				GCC_WARN_UNDECLARED_SELECTOR = YES;
				GCC_WARN_UNINITIALIZED_AUTOS = YES_AGGRESSIVE;
				GCC_WARN_UNUSED_FUNCTION = YES;
				GCC_WARN_UNUSED_VARIABLE = YES;
				IPHONEOS_DEPLOYMENT_TARGET = 15.6;
				MTL_ENABLE_DEBUG_INFO = INCLUDE_SOURCE;
				MTL_FAST_MATH = YES;
				ONLY_ACTIVE_ARCH = YES;
				SDKROOT = iphoneos;
				SWIFT_ACTIVE_COMPILATION_CONDITIONS = DEBUG;
				SWIFT_OPTIMIZATION_LEVEL = "-Onone";
				SWIFT_VERSION = 5.0;
			};
			name = Debug;
		};
		8E0564E5222E9E5800E1982E /* Release */ = {
			isa = XCBuildConfiguration;
			buildSettings = {
				ALWAYS_SEARCH_USER_PATHS = NO;
				CLANG_ANALYZER_NONNULL = YES;
				CLANG_ANALYZER_NUMBER_OBJECT_CONVERSION = YES_AGGRESSIVE;
				CLANG_CXX_LANGUAGE_STANDARD = "gnu++14";
				CLANG_CXX_LIBRARY = "libc++";
				CLANG_ENABLE_MODULES = YES;
				CLANG_ENABLE_OBJC_ARC = YES;
				CLANG_ENABLE_OBJC_WEAK = YES;
				CLANG_WARN_BLOCK_CAPTURE_AUTORELEASING = YES;
				CLANG_WARN_BOOL_CONVERSION = YES;
				CLANG_WARN_COMMA = YES;
				CLANG_WARN_CONSTANT_CONVERSION = YES;
				CLANG_WARN_DEPRECATED_OBJC_IMPLEMENTATIONS = YES;
				CLANG_WARN_DIRECT_OBJC_ISA_USAGE = YES_ERROR;
				CLANG_WARN_DOCUMENTATION_COMMENTS = YES;
				CLANG_WARN_EMPTY_BODY = YES;
				CLANG_WARN_ENUM_CONVERSION = YES;
				CLANG_WARN_INFINITE_RECURSION = YES;
				CLANG_WARN_INT_CONVERSION = YES;
				CLANG_WARN_NON_LITERAL_NULL_CONVERSION = YES;
				CLANG_WARN_OBJC_IMPLICIT_RETAIN_SELF = YES;
				CLANG_WARN_OBJC_LITERAL_CONVERSION = YES;
				CLANG_WARN_OBJC_ROOT_CLASS = YES_ERROR;
				CLANG_WARN_RANGE_LOOP_ANALYSIS = YES;
				CLANG_WARN_STRICT_PROTOTYPES = YES;
				CLANG_WARN_SUSPICIOUS_MOVE = YES;
				CLANG_WARN_UNGUARDED_AVAILABILITY = YES_AGGRESSIVE;
				CLANG_WARN_UNREACHABLE_CODE = YES;
				CLANG_WARN__DUPLICATE_METHOD_MATCH = YES;
				CODE_SIGN_IDENTITY = "iPhone Developer";
				COPY_PHASE_STRIP = NO;
				DEBUG_INFORMATION_FORMAT = "dwarf-with-dsym";
				ENABLE_NS_ASSERTIONS = NO;
				ENABLE_STRICT_OBJC_MSGSEND = YES;
				GCC_C_LANGUAGE_STANDARD = gnu11;
				GCC_NO_COMMON_BLOCKS = YES;
				GCC_WARN_64_TO_32_BIT_CONVERSION = YES;
				GCC_WARN_ABOUT_RETURN_TYPE = YES_ERROR;
				GCC_WARN_UNDECLARED_SELECTOR = YES;
				GCC_WARN_UNINITIALIZED_AUTOS = YES_AGGRESSIVE;
				GCC_WARN_UNUSED_FUNCTION = YES;
				GCC_WARN_UNUSED_VARIABLE = YES;
				IPHONEOS_DEPLOYMENT_TARGET = 15.6;
				MTL_ENABLE_DEBUG_INFO = NO;
				MTL_FAST_MATH = YES;
				SDKROOT = iphoneos;
				SWIFT_COMPILATION_MODE = wholemodule;
				SWIFT_OPTIMIZATION_LEVEL = "-O";
				SWIFT_VERSION = 5.0;
				VALIDATE_PRODUCT = YES;
			};
			name = Release;
		};
		8E0564E7222E9E5800E1982E /* Debug */ = {
			isa = XCBuildConfiguration;
			buildSettings = {
				ASSETCATALOG_COMPILER_APPICON_NAME = AppIcon;
				CODE_SIGN_STYLE = Manual;
				DEVELOPMENT_TEAM = "";
				FRAMEWORK_SEARCH_PATHS = (
					"$(inherited)",
					"$(PROJECT_DIR)/Carthage/Build/iOS",
				);
				INFOPLIST_FILE = "LCWidget-Carthage/Info.plist";
				IPHONEOS_DEPLOYMENT_TARGET = 15.6;
				LD_RUNPATH_SEARCH_PATHS = (
					"$(inherited)",
					"@executable_path/Frameworks",
				);
				PRODUCT_BUNDLE_IDENTIFIER = "com.livechatinc.Example-Carthage";
				PRODUCT_NAME = "$(TARGET_NAME)";
				PROVISIONING_PROFILE_SPECIFIER = "";
				SWIFT_VERSION = 5.0;
				TARGETED_DEVICE_FAMILY = "1,2";
			};
			name = Debug;
		};
		8E0564E8222E9E5800E1982E /* Release */ = {
			isa = XCBuildConfiguration;
			buildSettings = {
				ASSETCATALOG_COMPILER_APPICON_NAME = AppIcon;
				CODE_SIGN_STYLE = Manual;
				DEVELOPMENT_TEAM = "";
				FRAMEWORK_SEARCH_PATHS = (
					"$(inherited)",
					"$(PROJECT_DIR)/Carthage/Build/iOS",
				);
				INFOPLIST_FILE = "LCWidget-Carthage/Info.plist";
				IPHONEOS_DEPLOYMENT_TARGET = 15.6;
				LD_RUNPATH_SEARCH_PATHS = (
					"$(inherited)",
					"@executable_path/Frameworks",
				);
				PRODUCT_BUNDLE_IDENTIFIER = "com.livechatinc.Example-Carthage";
				PRODUCT_NAME = "$(TARGET_NAME)";
				PROVISIONING_PROFILE_SPECIFIER = "";
				SWIFT_VERSION = 5.0;
				TARGETED_DEVICE_FAMILY = "1,2";
			};
			name = Release;
		};
/* End XCBuildConfiguration section */

/* Begin XCConfigurationList section */
		8E0564CF222E9E5500E1982E /* Build configuration list for PBXProject "LCWidget-Carthage" */ = {
			isa = XCConfigurationList;
			buildConfigurations = (
				8E0564E4222E9E5800E1982E /* Debug */,
				8E0564E5222E9E5800E1982E /* Release */,
			);
			defaultConfigurationIsVisible = 0;
			defaultConfigurationName = Release;
		};
		8E0564E6222E9E5800E1982E /* Build configuration list for PBXNativeTarget "LCWidget-Carthage" */ = {
			isa = XCConfigurationList;
			buildConfigurations = (
				8E0564E7222E9E5800E1982E /* Debug */,
				8E0564E8222E9E5800E1982E /* Release */,
			);
			defaultConfigurationIsVisible = 0;
			defaultConfigurationName = Release;
		};
/* End XCConfigurationList section */
	};
	rootObject = 8E0564CC222E9E5500E1982E /* Project object */;
}
