{
  "originHash" : "b3aaebc9854b887c7ce9cff47bde11d03ff2d20b9b86072a8f62daef41239231",
  "pins" : [
    {
      "identity" : "chat-window-ios",
      "kind" : "remoteSourceControl",
      "location" : "https://github.com/livechat/chat-window-ios",
      "state" : {
        "revision" : "af37924dc7aae5c19ac405946df81366e64162d3",
        "version" : "2.0.25"
      }
    }
  ],
  "version" : 3
}
