// !$*UTF8*$!
{
	archiveVersion = 1;
	classes = {
	};
	objectVersion = 46;
	objects = {

/* Begin PBXBuildFile section */
		4D2750F518324D8A00CAA53D /* Foundation.framework in Frameworks */ = {isa = PBXBuildFile; fileRef = 4D2750F418324D8A00CAA53D /* Foundation.framework */; };
		4D2750F718324D8A00CAA53D /* CoreGraphics.framework in Frameworks */ = {isa = PBXBuildFile; fileRef = 4D2750F618324D8A00CAA53D /* CoreGraphics.framework */; };
		4D2750F918324D8A00CAA53D /* UIKit.framework in Frameworks */ = {isa = PBXBuildFile; fileRef = 4D2750F818324D8A00CAA53D /* UIKit.framework */; };
		4D2750FF18324D8A00CAA53D /* InfoPlist.strings in Resources */ = {isa = PBXBuildFile; fileRef = 4D2750FD18324D8A00CAA53D /* InfoPlist.strings */; };
		4D27510118324D8A00CAA53D /* main.m in Sources */ = {isa = PBXBuildFile; fileRef = 4D27510018324D8A00CAA53D /* main.m */; };
		4D27510518324D8A00CAA53D /* LCCAppDelegate.m in Sources */ = {isa = PBXBuildFile; fileRef = 4D27510418324D8A00CAA53D /* LCCAppDelegate.m */; };
		4D27510718324D8A00CAA53D /* Images.xcassets in Resources */ = {isa = PBXBuildFile; fileRef = 4D27510618324D8A00CAA53D /* Images.xcassets */; };
		4D27510E18324D8A00CAA53D /* XCTest.framework in Frameworks */ = {isa = PBXBuildFile; fileRef = 4D27510D18324D8A00CAA53D /* XCTest.framework */; };
		4D27510F18324D8A00CAA53D /* Foundation.framework in Frameworks */ = {isa = PBXBuildFile; fileRef = 4D2750F418324D8A00CAA53D /* Foundation.framework */; };
		4D27511018324D8A00CAA53D /* UIKit.framework in Frameworks */ = {isa = PBXBuildFile; fileRef = 4D2750F818324D8A00CAA53D /* UIKit.framework */; };
		4D27511818324D8A00CAA53D /* InfoPlist.strings in Resources */ = {isa = PBXBuildFile; fileRef = 4D27511618324D8A00CAA53D /* InfoPlist.strings */; };
		4D27511A18324D8A00CAA53D /* MobiLiveChatTests.m in Sources */ = {isa = PBXBuildFile; fileRef = 4D27511918324D8A00CAA53D /* MobiLiveChatTests.m */; };
		4D27512418324DA700CAA53D /* MapKit.framework in Frameworks */ = {isa = PBXBuildFile; fileRef = 4D27512318324DA700CAA53D /* MapKit.framework */; };
		4D27512718324DC600CAA53D /* LCCHomeViewController.m in Sources */ = {isa = PBXBuildFile; fileRef = 4D27512618324DC600CAA53D /* LCCHomeViewController.m */; };
		4D27512A18324DE500CAA53D /* LCCChatViewController.m in Sources */ = {isa = PBXBuildFile; fileRef = 4D27512918324DE500CAA53D /* LCCChatViewController.m */; };
		4D27513F18324E5000CAA53D /* AFHTTPClient.m in Sources */ = {isa = PBXBuildFile; fileRef = 4D27512D18324E5000CAA53D /* AFHTTPClient.m */; };
		4D27514018324E5000CAA53D /* AFHTTPRequestOperation.m in Sources */ = {isa = PBXBuildFile; fileRef = 4D27512F18324E5000CAA53D /* AFHTTPRequestOperation.m */; };
		4D27514118324E5000CAA53D /* AFImageRequestOperation.m in Sources */ = {isa = PBXBuildFile; fileRef = 4D27513118324E5000CAA53D /* AFImageRequestOperation.m */; };
		4D27514218324E5000CAA53D /* AFJSONRequestOperation.m in Sources */ = {isa = PBXBuildFile; fileRef = 4D27513318324E5000CAA53D /* AFJSONRequestOperation.m */; };
		4D27514318324E5000CAA53D /* AFNetworkActivityIndicatorManager.m in Sources */ = {isa = PBXBuildFile; fileRef = 4D27513518324E5000CAA53D /* AFNetworkActivityIndicatorManager.m */; };
		4D27514418324E5000CAA53D /* AFPropertyListRequestOperation.m in Sources */ = {isa = PBXBuildFile; fileRef = 4D27513818324E5000CAA53D /* AFPropertyListRequestOperation.m */; };
		4D27514518324E5000CAA53D /* AFURLConnectionOperation.m in Sources */ = {isa = PBXBuildFile; fileRef = 4D27513A18324E5000CAA53D /* AFURLConnectionOperation.m */; };
		4D27514618324E5000CAA53D /* AFXMLRequestOperation.m in Sources */ = {isa = PBXBuildFile; fileRef = 4D27513C18324E5000CAA53D /* AFXMLRequestOperation.m */; };
		4D27514718324E5000CAA53D /* UIImageView+AFNetworking.m in Sources */ = {isa = PBXBuildFile; fileRef = 4D27513E18324E5000CAA53D /* UIImageView+AFNetworking.m */; };
		5856D8A61C282B2B004DBA86 /* Launch Screen.storyboard in Resources */ = {isa = PBXBuildFile; fileRef = 5856D8A51C282B2B004DBA86 /* Launch Screen.storyboard */; };
/* End PBXBuildFile section */

/* Begin PBXContainerItemProxy section */
		4D27511118324D8A00CAA53D /* PBXContainerItemProxy */ = {
			isa = PBXContainerItemProxy;
			containerPortal = 4D2750E918324D8A00CAA53D /* Project object */;
			proxyType = 1;
			remoteGlobalIDString = 4D2750F018324D8A00CAA53D;
			remoteInfo = MobiLiveChat;
		};
/* End PBXContainerItemProxy section */

/* Begin PBXFileReference section */
		4D2750F118324D8A00CAA53D /* MobiLiveChat.app */ = {isa = PBXFileReference; explicitFileType = wrapper.application; includeInIndex = 0; path = MobiLiveChat.app; sourceTree = BUILT_PRODUCTS_DIR; };
		4D2750F418324D8A00CAA53D /* Foundation.framework */ = {isa = PBXFileReference; lastKnownFileType = wrapper.framework; name = Foundation.framework; path = System/Library/Frameworks/Foundation.framework; sourceTree = SDKROOT; };
		4D2750F618324D8A00CAA53D /* CoreGraphics.framework */ = {isa = PBXFileReference; lastKnownFileType = wrapper.framework; name = CoreGraphics.framework; path = System/Library/Frameworks/CoreGraphics.framework; sourceTree = SDKROOT; };
		4D2750F818324D8A00CAA53D /* UIKit.framework */ = {isa = PBXFileReference; lastKnownFileType = wrapper.framework; name = UIKit.framework; path = System/Library/Frameworks/UIKit.framework; sourceTree = SDKROOT; };
		4D2750FC18324D8A00CAA53D /* MobiLiveChat-Info.plist */ = {isa = PBXFileReference; lastKnownFileType = text.plist.xml; path = "MobiLiveChat-Info.plist"; sourceTree = "<group>"; };
		4D2750FE18324D8A00CAA53D /* en */ = {isa = PBXFileReference; lastKnownFileType = text.plist.strings; name = en; path = en.lproj/InfoPlist.strings; sourceTree = "<group>"; };
		4D27510018324D8A00CAA53D /* main.m */ = {isa = PBXFileReference; lastKnownFileType = sourcecode.c.objc; path = main.m; sourceTree = "<group>"; };
		4D27510218324D8A00CAA53D /* MobiLiveChat-Prefix.pch */ = {isa = PBXFileReference; lastKnownFileType = sourcecode.c.h; path = "MobiLiveChat-Prefix.pch"; sourceTree = "<group>"; };
		4D27510318324D8A00CAA53D /* LCCAppDelegate.h */ = {isa = PBXFileReference; lastKnownFileType = sourcecode.c.h; path = LCCAppDelegate.h; sourceTree = "<group>"; };
		4D27510418324D8A00CAA53D /* LCCAppDelegate.m */ = {isa = PBXFileReference; lastKnownFileType = sourcecode.c.objc; path = LCCAppDelegate.m; sourceTree = "<group>"; };
		4D27510618324D8A00CAA53D /* Images.xcassets */ = {isa = PBXFileReference; lastKnownFileType = folder.assetcatalog; path = Images.xcassets; sourceTree = "<group>"; };
		4D27510C18324D8A00CAA53D /* MobiLiveChatTests.xctest */ = {isa = PBXFileReference; explicitFileType = wrapper.cfbundle; includeInIndex = 0; path = MobiLiveChatTests.xctest; sourceTree = BUILT_PRODUCTS_DIR; };
		4D27510D18324D8A00CAA53D /* XCTest.framework */ = {isa = PBXFileReference; lastKnownFileType = wrapper.framework; name = XCTest.framework; path = Library/Frameworks/XCTest.framework; sourceTree = DEVELOPER_DIR; };
		4D27511518324D8A00CAA53D /* MobiLiveChatTests-Info.plist */ = {isa = PBXFileReference; lastKnownFileType = text.plist.xml; path = "MobiLiveChatTests-Info.plist"; sourceTree = "<group>"; };
		4D27511718324D8A00CAA53D /* en */ = {isa = PBXFileReference; lastKnownFileType = text.plist.strings; name = en; path = en.lproj/InfoPlist.strings; sourceTree = "<group>"; };
		4D27511918324D8A00CAA53D /* MobiLiveChatTests.m */ = {isa = PBXFileReference; lastKnownFileType = sourcecode.c.objc; path = MobiLiveChatTests.m; sourceTree = "<group>"; };
		4D27512318324DA700CAA53D /* MapKit.framework */ = {isa = PBXFileReference; lastKnownFileType = wrapper.framework; name = MapKit.framework; path = System/Library/Frameworks/MapKit.framework; sourceTree = SDKROOT; };
		4D27512518324DC600CAA53D /* LCCHomeViewController.h */ = {isa = PBXFileReference; fileEncoding = 4; lastKnownFileType = sourcecode.c.h; path = LCCHomeViewController.h; sourceTree = "<group>"; };
		4D27512618324DC600CAA53D /* LCCHomeViewController.m */ = {isa = PBXFileReference; fileEncoding = 4; lastKnownFileType = sourcecode.c.objc; path = LCCHomeViewController.m; sourceTree = "<group>"; };
		4D27512818324DE500CAA53D /* LCCChatViewController.h */ = {isa = PBXFileReference; fileEncoding = 4; lastKnownFileType = sourcecode.c.h; path = LCCChatViewController.h; sourceTree = "<group>"; };
		4D27512918324DE500CAA53D /* LCCChatViewController.m */ = {isa = PBXFileReference; fileEncoding = 4; lastKnownFileType = sourcecode.c.objc; path = LCCChatViewController.m; sourceTree = "<group>"; };
		4D27512C18324E5000CAA53D /* AFHTTPClient.h */ = {isa = PBXFileReference; fileEncoding = 4; lastKnownFileType = sourcecode.c.h; path = AFHTTPClient.h; sourceTree = "<group>"; };
		4D27512D18324E5000CAA53D /* AFHTTPClient.m */ = {isa = PBXFileReference; fileEncoding = 4; lastKnownFileType = sourcecode.c.objc; path = AFHTTPClient.m; sourceTree = "<group>"; };
		4D27512E18324E5000CAA53D /* AFHTTPRequestOperation.h */ = {isa = PBXFileReference; fileEncoding = 4; lastKnownFileType = sourcecode.c.h; path = AFHTTPRequestOperation.h; sourceTree = "<group>"; };
		4D27512F18324E5000CAA53D /* AFHTTPRequestOperation.m */ = {isa = PBXFileReference; fileEncoding = 4; lastKnownFileType = sourcecode.c.objc; path = AFHTTPRequestOperation.m; sourceTree = "<group>"; };
		4D27513018324E5000CAA53D /* AFImageRequestOperation.h */ = {isa = PBXFileReference; fileEncoding = 4; lastKnownFileType = sourcecode.c.h; path = AFImageRequestOperation.h; sourceTree = "<group>"; };
		4D27513118324E5000CAA53D /* AFImageRequestOperation.m */ = {isa = PBXFileReference; fileEncoding = 4; lastKnownFileType = sourcecode.c.objc; path = AFImageRequestOperation.m; sourceTree = "<group>"; };
		4D27513218324E5000CAA53D /* AFJSONRequestOperation.h */ = {isa = PBXFileReference; fileEncoding = 4; lastKnownFileType = sourcecode.c.h; path = AFJSONRequestOperation.h; sourceTree = "<group>"; };
		4D27513318324E5000CAA53D /* AFJSONRequestOperation.m */ = {isa = PBXFileReference; fileEncoding = 4; lastKnownFileType = sourcecode.c.objc; path = AFJSONRequestOperation.m; sourceTree = "<group>"; };
		4D27513418324E5000CAA53D /* AFNetworkActivityIndicatorManager.h */ = {isa = PBXFileReference; fileEncoding = 4; lastKnownFileType = sourcecode.c.h; path = AFNetworkActivityIndicatorManager.h; sourceTree = "<group>"; };
		4D27513518324E5000CAA53D /* AFNetworkActivityIndicatorManager.m */ = {isa = PBXFileReference; fileEncoding = 4; lastKnownFileType = sourcecode.c.objc; path = AFNetworkActivityIndicatorManager.m; sourceTree = "<group>"; };
		4D27513618324E5000CAA53D /* AFNetworking.h */ = {isa = PBXFileReference; fileEncoding = 4; lastKnownFileType = sourcecode.c.h; path = AFNetworking.h; sourceTree = "<group>"; };
		4D27513718324E5000CAA53D /* AFPropertyListRequestOperation.h */ = {isa = PBXFileReference; fileEncoding = 4; lastKnownFileType = sourcecode.c.h; path = AFPropertyListRequestOperation.h; sourceTree = "<group>"; };
		4D27513818324E5000CAA53D /* AFPropertyListRequestOperation.m */ = {isa = PBXFileReference; fileEncoding = 4; lastKnownFileType = sourcecode.c.objc; path = AFPropertyListRequestOperation.m; sourceTree = "<group>"; };
		4D27513918324E5000CAA53D /* AFURLConnectionOperation.h */ = {isa = PBXFileReference; fileEncoding = 4; lastKnownFileType = sourcecode.c.h; path = AFURLConnectionOperation.h; sourceTree = "<group>"; };
		4D27513A18324E5000CAA53D /* AFURLConnectionOperation.m */ = {isa = PBXFileReference; fileEncoding = 4; lastKnownFileType = sourcecode.c.objc; path = AFURLConnectionOperation.m; sourceTree = "<group>"; };
		4D27513B18324E5000CAA53D /* AFXMLRequestOperation.h */ = {isa = PBXFileReference; fileEncoding = 4; lastKnownFileType = sourcecode.c.h; path = AFXMLRequestOperation.h; sourceTree = "<group>"; };
		4D27513C18324E5000CAA53D /* AFXMLRequestOperation.m */ = {isa = PBXFileReference; fileEncoding = 4; lastKnownFileType = sourcecode.c.objc; path = AFXMLRequestOperation.m; sourceTree = "<group>"; };
		4D27513D18324E5000CAA53D /* UIImageView+AFNetworking.h */ = {isa = PBXFileReference; fileEncoding = 4; lastKnownFileType = sourcecode.c.h; path = "UIImageView+AFNetworking.h"; sourceTree = "<group>"; };
		4D27513E18324E5000CAA53D /* UIImageView+AFNetworking.m */ = {isa = PBXFileReference; fileEncoding = 4; lastKnownFileType = sourcecode.c.objc; path = "UIImageView+AFNetworking.m"; sourceTree = "<group>"; };
		5856D8A51C282B2B004DBA86 /* Launch Screen.storyboard */ = {isa = PBXFileReference; fileEncoding = 4; lastKnownFileType = file.storyboard; path = "Launch Screen.storyboard"; sourceTree = "<group>"; };
/* End PBXFileReference section */

/* Begin PBXFrameworksBuildPhase section */
		4D2750EE18324D8A00CAA53D /* Frameworks */ = {
			isa = PBXFrameworksBuildPhase;
			buildActionMask = 2147483647;
			files = (
				4D27512418324DA700CAA53D /* MapKit.framework in Frameworks */,
				4D2750F718324D8A00CAA53D /* CoreGraphics.framework in Frameworks */,
				4D2750F918324D8A00CAA53D /* UIKit.framework in Frameworks */,
				4D2750F518324D8A00CAA53D /* Foundation.framework in Frameworks */,
			);
			runOnlyForDeploymentPostprocessing = 0;
		};
		4D27510918324D8A00CAA53D /* Frameworks */ = {
			isa = PBXFrameworksBuildPhase;
			buildActionMask = 2147483647;
			files = (
				4D27510E18324D8A00CAA53D /* XCTest.framework in Frameworks */,
				4D27511018324D8A00CAA53D /* UIKit.framework in Frameworks */,
				4D27510F18324D8A00CAA53D /* Foundation.framework in Frameworks */,
			);
			runOnlyForDeploymentPostprocessing = 0;
		};
/* End PBXFrameworksBuildPhase section */

/* Begin PBXGroup section */
		4D2750E818324D8A00CAA53D = {
			isa = PBXGroup;
			children = (
				4D2750FA18324D8A00CAA53D /* MobiLiveChat */,
				4D27511318324D8A00CAA53D /* MobiLiveChatTests */,
				4D2750F318324D8A00CAA53D /* Frameworks */,
				4D2750F218324D8A00CAA53D /* Products */,
			);
			sourceTree = "<group>";
		};
		4D2750F218324D8A00CAA53D /* Products */ = {
			isa = PBXGroup;
			children = (
				4D2750F118324D8A00CAA53D /* MobiLiveChat.app */,
				4D27510C18324D8A00CAA53D /* MobiLiveChatTests.xctest */,
			);
			name = Products;
			sourceTree = "<group>";
		};
		4D2750F318324D8A00CAA53D /* Frameworks */ = {
			isa = PBXGroup;
			children = (
				4D27512318324DA700CAA53D /* MapKit.framework */,
				4D2750F418324D8A00CAA53D /* Foundation.framework */,
				4D2750F618324D8A00CAA53D /* CoreGraphics.framework */,
				4D2750F818324D8A00CAA53D /* UIKit.framework */,
				4D27510D18324D8A00CAA53D /* XCTest.framework */,
			);
			name = Frameworks;
			sourceTree = "<group>";
		};
		4D2750FA18324D8A00CAA53D /* MobiLiveChat */ = {
			isa = PBXGroup;
			children = (
				4D27512B18324E5000CAA53D /* AFNetworking */,
				4D2750FB18324D8A00CAA53D /* Supporting Files */,
				4D27510618324D8A00CAA53D /* Images.xcassets */,
				4D27510318324D8A00CAA53D /* LCCAppDelegate.h */,
				4D27510418324D8A00CAA53D /* LCCAppDelegate.m */,
				4D27512518324DC600CAA53D /* LCCHomeViewController.h */,
				4D27512618324DC600CAA53D /* LCCHomeViewController.m */,
				4D27512818324DE500CAA53D /* LCCChatViewController.h */,
				4D27512918324DE500CAA53D /* LCCChatViewController.m */,
				5856D8A51C282B2B004DBA86 /* Launch Screen.storyboard */,
			);
			path = MobiLiveChat;
			sourceTree = "<group>";
		};
		4D2750FB18324D8A00CAA53D /* Supporting Files */ = {
			isa = PBXGroup;
			children = (
				4D2750FC18324D8A00CAA53D /* MobiLiveChat-Info.plist */,
				4D2750FD18324D8A00CAA53D /* InfoPlist.strings */,
				4D27510018324D8A00CAA53D /* main.m */,
				4D27510218324D8A00CAA53D /* MobiLiveChat-Prefix.pch */,
			);
			name = "Supporting Files";
			sourceTree = "<group>";
		};
		4D27511318324D8A00CAA53D /* MobiLiveChatTests */ = {
			isa = PBXGroup;
			children = (
				4D27511918324D8A00CAA53D /* MobiLiveChatTests.m */,
				4D27511418324D8A00CAA53D /* Supporting Files */,
			);
			path = MobiLiveChatTests;
			sourceTree = "<group>";
		};
		4D27511418324D8A00CAA53D /* Supporting Files */ = {
			isa = PBXGroup;
			children = (
				4D27511518324D8A00CAA53D /* MobiLiveChatTests-Info.plist */,
				4D27511618324D8A00CAA53D /* InfoPlist.strings */,
			);
			name = "Supporting Files";
			sourceTree = "<group>";
		};
		4D27512B18324E5000CAA53D /* AFNetworking */ = {
			isa = PBXGroup;
			children = (
				4D27512C18324E5000CAA53D /* AFHTTPClient.h */,
				4D27512D18324E5000CAA53D /* AFHTTPClient.m */,
				4D27512E18324E5000CAA53D /* AFHTTPRequestOperation.h */,
				4D27512F18324E5000CAA53D /* AFHTTPRequestOperation.m */,
				4D27513018324E5000CAA53D /* AFImageRequestOperation.h */,
				4D27513118324E5000CAA53D /* AFImageRequestOperation.m */,
				4D27513218324E5000CAA53D /* AFJSONRequestOperation.h */,
				4D27513318324E5000CAA53D /* AFJSONRequestOperation.m */,
				4D27513418324E5000CAA53D /* AFNetworkActivityIndicatorManager.h */,
				4D27513518324E5000CAA53D /* AFNetworkActivityIndicatorManager.m */,
				4D27513618324E5000CAA53D /* AFNetworking.h */,
				4D27513718324E5000CAA53D /* AFPropertyListRequestOperation.h */,
				4D27513818324E5000CAA53D /* AFPropertyListRequestOperation.m */,
				4D27513918324E5000CAA53D /* AFURLConnectionOperation.h */,
				4D27513A18324E5000CAA53D /* AFURLConnectionOperation.m */,
				4D27513B18324E5000CAA53D /* AFXMLRequestOperation.h */,
				4D27513C18324E5000CAA53D /* AFXMLRequestOperation.m */,
				4D27513D18324E5000CAA53D /* UIImageView+AFNetworking.h */,
				4D27513E18324E5000CAA53D /* UIImageView+AFNetworking.m */,
			);
			path = AFNetworking;
			sourceTree = "<group>";
		};
/* End PBXGroup section */

/* Begin PBXNativeTarget section */
		4D2750F018324D8A00CAA53D /* MobiLiveChat */ = {
			isa = PBXNativeTarget;
			buildConfigurationList = 4D27511D18324D8A00CAA53D /* Build configuration list for PBXNativeTarget "MobiLiveChat" */;
			buildPhases = (
				4D2750ED18324D8A00CAA53D /* Sources */,
				4D2750EE18324D8A00CAA53D /* Frameworks */,
				4D2750EF18324D8A00CAA53D /* Resources */,
			);
			buildRules = (
			);
			dependencies = (
			);
			name = MobiLiveChat;
			productName = MobiLiveChat;
			productReference = 4D2750F118324D8A00CAA53D /* MobiLiveChat.app */;
			productType = "com.apple.product-type.application";
		};
		4D27510B18324D8A00CAA53D /* MobiLiveChatTests */ = {
			isa = PBXNativeTarget;
			buildConfigurationList = 4D27512018324D8A00CAA53D /* Build configuration list for PBXNativeTarget "MobiLiveChatTests" */;
			buildPhases = (
				4D27510818324D8A00CAA53D /* Sources */,
				4D27510918324D8A00CAA53D /* Frameworks */,
				4D27510A18324D8A00CAA53D /* Resources */,
			);
			buildRules = (
			);
			dependencies = (
				4D27511218324D8A00CAA53D /* PBXTargetDependency */,
			);
			name = MobiLiveChatTests;
			productName = MobiLiveChatTests;
			productReference = 4D27510C18324D8A00CAA53D /* MobiLiveChatTests.xctest */;
			productType = "com.apple.product-type.bundle.unit-test";
		};
/* End PBXNativeTarget section */

/* Begin PBXProject section */
		4D2750E918324D8A00CAA53D /* Project object */ = {
			isa = PBXProject;
			attributes = {
				CLASSPREFIX = LCC;
				LastUpgradeCheck = 0700;
				ORGANIZATIONNAME = "Krzysztof Górski";
				TargetAttributes = {
					4D27510B18324D8A00CAA53D = {
						TestTargetID = 4D2750F018324D8A00CAA53D;
					};
				};
			};
			buildConfigurationList = 4D2750EC18324D8A00CAA53D /* Build configuration list for PBXProject "MobiLiveChat" */;
			compatibilityVersion = "Xcode 3.2";
			developmentRegion = English;
			hasScannedForEncodings = 0;
			knownRegions = (
				en,
			);
			mainGroup = 4D2750E818324D8A00CAA53D;
			productRefGroup = 4D2750F218324D8A00CAA53D /* Products */;
			projectDirPath = "";
			projectRoot = "";
			targets = (
				4D2750F018324D8A00CAA53D /* MobiLiveChat */,
				4D27510B18324D8A00CAA53D /* MobiLiveChatTests */,
			);
		};
/* End PBXProject section */

/* Begin PBXResourcesBuildPhase section */
		4D2750EF18324D8A00CAA53D /* Resources */ = {
			isa = PBXResourcesBuildPhase;
			buildActionMask = 2147483647;
			files = (
				5856D8A61C282B2B004DBA86 /* Launch Screen.storyboard in Resources */,
				4D2750FF18324D8A00CAA53D /* InfoPlist.strings in Resources */,
				4D27510718324D8A00CAA53D /* Images.xcassets in Resources */,
			);
			runOnlyForDeploymentPostprocessing = 0;
		};
		4D27510A18324D8A00CAA53D /* Resources */ = {
			isa = PBXResourcesBuildPhase;
			buildActionMask = 2147483647;
			files = (
				4D27511818324D8A00CAA53D /* InfoPlist.strings in Resources */,
			);
			runOnlyForDeploymentPostprocessing = 0;
		};
/* End PBXResourcesBuildPhase section */

/* Begin PBXSourcesBuildPhase section */
		4D2750ED18324D8A00CAA53D /* Sources */ = {
			isa = PBXSourcesBuildPhase;
			buildActionMask = 2147483647;
			files = (
				4D27514518324E5000CAA53D /* AFURLConnectionOperation.m in Sources */,
				4D27514718324E5000CAA53D /* UIImageView+AFNetworking.m in Sources */,
				4D27514118324E5000CAA53D /* AFImageRequestOperation.m in Sources */,
				4D27514018324E5000CAA53D /* AFHTTPRequestOperation.m in Sources */,
				4D27513F18324E5000CAA53D /* AFHTTPClient.m in Sources */,
				4D27514618324E5000CAA53D /* AFXMLRequestOperation.m in Sources */,
				4D27510118324D8A00CAA53D /* main.m in Sources */,
				4D27510518324D8A00CAA53D /* LCCAppDelegate.m in Sources */,
				4D27512718324DC600CAA53D /* LCCHomeViewController.m in Sources */,
				4D27514218324E5000CAA53D /* AFJSONRequestOperation.m in Sources */,
				4D27512A18324DE500CAA53D /* LCCChatViewController.m in Sources */,
				4D27514418324E5000CAA53D /* AFPropertyListRequestOperation.m in Sources */,
				4D27514318324E5000CAA53D /* AFNetworkActivityIndicatorManager.m in Sources */,
			);
			runOnlyForDeploymentPostprocessing = 0;
		};
		4D27510818324D8A00CAA53D /* Sources */ = {
			isa = PBXSourcesBuildPhase;
			buildActionMask = 2147483647;
			files = (
				4D27511A18324D8A00CAA53D /* MobiLiveChatTests.m in Sources */,
			);
			runOnlyForDeploymentPostprocessing = 0;
		};
/* End PBXSourcesBuildPhase section */

/* Begin PBXTargetDependency section */
		4D27511218324D8A00CAA53D /* PBXTargetDependency */ = {
			isa = PBXTargetDependency;
			target = 4D2750F018324D8A00CAA53D /* MobiLiveChat */;
			targetProxy = 4D27511118324D8A00CAA53D /* PBXContainerItemProxy */;
		};
/* End PBXTargetDependency section */

/* Begin PBXVariantGroup section */
		4D2750FD18324D8A00CAA53D /* InfoPlist.strings */ = {
			isa = PBXVariantGroup;
			children = (
				4D2750FE18324D8A00CAA53D /* en */,
			);
			name = InfoPlist.strings;
			sourceTree = "<group>";
		};
		4D27511618324D8A00CAA53D /* InfoPlist.strings */ = {
			isa = PBXVariantGroup;
			children = (
				4D27511718324D8A00CAA53D /* en */,
			);
			name = InfoPlist.strings;
			sourceTree = "<group>";
		};
/* End PBXVariantGroup section */

/* Begin XCBuildConfiguration section */
		4D27511B18324D8A00CAA53D /* Debug */ = {
			isa = XCBuildConfiguration;
			buildSettings = {
				ALWAYS_SEARCH_USER_PATHS = NO;
				CLANG_ENABLE_MODULES = YES;
				CLANG_ENABLE_OBJC_ARC = YES;
				CLANG_WARN_BOOL_CONVERSION = YES;
				CLANG_WARN_CONSTANT_CONVERSION = YES;
				CLANG_WARN_DIRECT_OBJC_ISA_USAGE = YES_ERROR;
				CLANG_WARN_EMPTY_BODY = YES;
				CLANG_WARN_ENUM_CONVERSION = YES;
				CLANG_WARN_INT_CONVERSION = YES;
				CLANG_WARN_OBJC_ROOT_CLASS = YES_ERROR;
				CLANG_WARN__DUPLICATE_METHOD_MATCH = YES;
				"CODE_SIGN_IDENTITY[sdk=iphoneos*]" = "iPhone Developer";
				COPY_PHASE_STRIP = NO;
				ENABLE_TESTABILITY = YES;
				GCC_DYNAMIC_NO_PIC = NO;
				GCC_OPTIMIZATION_LEVEL = 0;
				GCC_PREPROCESSOR_DEFINITIONS = (
					"DEBUG=1",
					"$(inherited)",
				);
				GCC_SYMBOLS_PRIVATE_EXTERN = NO;
				GCC_WARN_64_TO_32_BIT_CONVERSION = YES;
				GCC_WARN_ABOUT_RETURN_TYPE = YES_ERROR;
				GCC_WARN_UNDECLARED_SELECTOR = YES;
				GCC_WARN_UNINITIALIZED_AUTOS = YES;
				GCC_WARN_UNUSED_FUNCTION = YES;
				GCC_WARN_UNUSED_VARIABLE = YES;
				IPHONEOS_DEPLOYMENT_TARGET = 7.0;
				ONLY_ACTIVE_ARCH = YES;
				SDKROOT = iphoneos;
			};
			name = Debug;
		};
		4D27511C18324D8A00CAA53D /* Release */ = {
			isa = XCBuildConfiguration;
			buildSettings = {
				ALWAYS_SEARCH_USER_PATHS = NO;
				CLANG_ENABLE_MODULES = YES;
				CLANG_ENABLE_OBJC_ARC = YES;
				CLANG_WARN_BOOL_CONVERSION = YES;
				CLANG_WARN_CONSTANT_CONVERSION = YES;
				CLANG_WARN_DIRECT_OBJC_ISA_USAGE = YES_ERROR;
				CLANG_WARN_EMPTY_BODY = YES;
				CLANG_WARN_ENUM_CONVERSION = YES;
				CLANG_WARN_INT_CONVERSION = YES;
				CLANG_WARN_OBJC_ROOT_CLASS = YES_ERROR;
				CLANG_WARN__DUPLICATE_METHOD_MATCH = YES;
				"CODE_SIGN_IDENTITY[sdk=iphoneos*]" = "iPhone Developer";
				COPY_PHASE_STRIP = YES;
				ENABLE_NS_ASSERTIONS = NO;
				GCC_WARN_64_TO_32_BIT_CONVERSION = YES;
				GCC_WARN_ABOUT_RETURN_TYPE = YES_ERROR;
				GCC_WARN_UNDECLARED_SELECTOR = YES;
				GCC_WARN_UNINITIALIZED_AUTOS = YES;
				GCC_WARN_UNUSED_FUNCTION = YES;
				GCC_WARN_UNUSED_VARIABLE = YES;
				IPHONEOS_DEPLOYMENT_TARGET = 7.0;
				SDKROOT = iphoneos;
				VALIDATE_PRODUCT = YES;
			};
			name = Release;
		};
		4D27511E18324D8A00CAA53D /* Debug */ = {
			isa = XCBuildConfiguration;
			buildSettings = {
				ASSETCATALOG_COMPILER_APPICON_NAME = AppIcon;
				GCC_PRECOMPILE_PREFIX_HEADER = YES;
				GCC_PREFIX_HEADER = "MobiLiveChat/MobiLiveChat-Prefix.pch";
				INFOPLIST_FILE = "MobiLiveChat/MobiLiveChat-Info.plist";
				PRODUCT_BUNDLE_IDENTIFIER = "LiveChat.${PRODUCT_NAME:rfc1034identifier}";
				PRODUCT_NAME = "$(TARGET_NAME)";
				WRAPPER_EXTENSION = app;
			};
			name = Debug;
		};
		4D27511F18324D8A00CAA53D /* Release */ = {
			isa = XCBuildConfiguration;
			buildSettings = {
				ASSETCATALOG_COMPILER_APPICON_NAME = AppIcon;
				GCC_PRECOMPILE_PREFIX_HEADER = YES;
				GCC_PREFIX_HEADER = "MobiLiveChat/MobiLiveChat-Prefix.pch";
				INFOPLIST_FILE = "MobiLiveChat/MobiLiveChat-Info.plist";
				PRODUCT_BUNDLE_IDENTIFIER = "LiveChat.${PRODUCT_NAME:rfc1034identifier}";
				PRODUCT_NAME = "$(TARGET_NAME)";
				WRAPPER_EXTENSION = app;
			};
			name = Release;
		};
		4D27512118324D8A00CAA53D /* Debug */ = {
			isa = XCBuildConfiguration;
			buildSettings = {
				BUNDLE_LOADER = "$(BUILT_PRODUCTS_DIR)/MobiLiveChat.app/MobiLiveChat";
				FRAMEWORK_SEARCH_PATHS = (
					"$(SDKROOT)/Developer/Library/Frameworks",
					"$(inherited)",
					"$(DEVELOPER_FRAMEWORKS_DIR)",
				);
				GCC_PRECOMPILE_PREFIX_HEADER = YES;
				GCC_PREFIX_HEADER = "MobiLiveChat/MobiLiveChat-Prefix.pch";
				GCC_PREPROCESSOR_DEFINITIONS = (
					"DEBUG=1",
					"$(inherited)",
				);
				INFOPLIST_FILE = "MobiLiveChatTests/MobiLiveChatTests-Info.plist";
				PRODUCT_BUNDLE_IDENTIFIER = "LiveChat.${PRODUCT_NAME:rfc1034identifier}";
				PRODUCT_NAME = "$(TARGET_NAME)";
				TEST_HOST = "$(BUNDLE_LOADER)";
				WRAPPER_EXTENSION = xctest;
			};
			name = Debug;
		};
		4D27512218324D8A00CAA53D /* Release */ = {
			isa = XCBuildConfiguration;
			buildSettings = {
				BUNDLE_LOADER = "$(BUILT_PRODUCTS_DIR)/MobiLiveChat.app/MobiLiveChat";
				FRAMEWORK_SEARCH_PATHS = (
					"$(SDKROOT)/Developer/Library/Frameworks",
					"$(inherited)",
					"$(DEVELOPER_FRAMEWORKS_DIR)",
				);
				GCC_PRECOMPILE_PREFIX_HEADER = YES;
				GCC_PREFIX_HEADER = "MobiLiveChat/MobiLiveChat-Prefix.pch";
				INFOPLIST_FILE = "MobiLiveChatTests/MobiLiveChatTests-Info.plist";
				PRODUCT_BUNDLE_IDENTIFIER = "LiveChat.${PRODUCT_NAME:rfc1034identifier}";
				PRODUCT_NAME = "$(TARGET_NAME)";
				TEST_HOST = "$(BUNDLE_LOADER)";
				WRAPPER_EXTENSION = xctest;
			};
			name = Release;
		};
/* End XCBuildConfiguration section */

/* Begin XCConfigurationList section */
		4D2750EC18324D8A00CAA53D /* Build configuration list for PBXProject "MobiLiveChat" */ = {
			isa = XCConfigurationList;
			buildConfigurations = (
				4D27511B18324D8A00CAA53D /* Debug */,
				4D27511C18324D8A00CAA53D /* Release */,
			);
			defaultConfigurationIsVisible = 0;
			defaultConfigurationName = Release;
		};
		4D27511D18324D8A00CAA53D /* Build configuration list for PBXNativeTarget "MobiLiveChat" */ = {
			isa = XCConfigurationList;
			buildConfigurations = (
				4D27511E18324D8A00CAA53D /* Debug */,
				4D27511F18324D8A00CAA53D /* Release */,
			);
			defaultConfigurationIsVisible = 0;
			defaultConfigurationName = Release;
		};
		4D27512018324D8A00CAA53D /* Build configuration list for PBXNativeTarget "MobiLiveChatTests" */ = {
			isa = XCConfigurationList;
			buildConfigurations = (
				4D27512118324D8A00CAA53D /* Debug */,
				4D27512218324D8A00CAA53D /* Release */,
			);
			defaultConfigurationIsVisible = 0;
			defaultConfigurationName = Release;
		};
/* End XCConfigurationList section */
	};
	rootObject = 4D2750E918324D8A00CAA53D /* Project object */;
}
